
Microsoft Visual Studio Solution File, Format Version 12.00
# Visual Studio Version 17
VisualStudioVersion = 17.9.34723.18
MinimumVisualStudioVersion = 10.0.40219.1
Project("{9A19103F-16F7-4668-BE54-9A1E7A4F7556}") = "RailwayReservationApp", "RailwayReservationApp\RailwayReservationApp.csproj", "{8B250FA1-E21B-4F2D-B9CE-3738337531B2}"
EndProject
Project("{FAE04EC0-301F-11D3-BF4B-00C04F79EFBC}") = "RailwayReservationAppTest", "RailwayReservationAppTest\RailwayReservationAppTest.csproj", "{F2F86F77-FDBC-41DA-9EC9-196694D48C67}"
EndProject
Global
	GlobalSection(SolutionConfigurationPlatforms) = preSolution
		Debug|Any CPU = Debug|Any CPU
		Release|Any CPU = Release|Any CPU
	EndGlobalSection
	GlobalSection(ProjectConfigurationPlatforms) = postSolution
		{8B250FA1-E21B-4F2D-B9CE-3738337531B2}.Debug|Any CPU.ActiveCfg = Debug|Any CPU
		{8B250FA1-E21B-4F2D-B9CE-3738337531B2}.Debug|Any CPU.Build.0 = Debug|Any CPU
		{8B250FA1-E21B-4F2D-B9CE-3738337531B2}.Release|Any CPU.ActiveCfg = Release|Any CPU
		{8B250FA1-E21B-4F2D-B9CE-3738337531B2}.Release|Any CPU.Build.0 = Release|Any CPU
		{F2F86F77-FDBC-41DA-9EC9-196694D48C67}.Debug|Any CPU.ActiveCfg = Debug|Any CPU
		{F2F86F77-FDBC-41DA-9EC9-196694D48C67}.Debug|Any CPU.Build.0 = Debug|Any CPU
		{F2F86F77-FDBC-41DA-9EC9-196694D48C67}.Release|Any CPU.ActiveCfg = Release|Any CPU
		{F2F86F77-FDBC-41DA-9EC9-196694D48C67}.Release|Any CPU.Build.0 = Release|Any CPU
	EndGlobalSection
	GlobalSection(SolutionProperties) = preSolution
		HideSolutionNode = FALSE
	EndGlobalSection
	GlobalSection(ExtensibilityGlobals) = postSolution
		SolutionGuid = {DD97AEFF-9451-435B-A634-3D8445D1F0EF}
	EndGlobalSection
EndGlobal
